
Microsoft Visual Studio Solution File, Format Version 12.00
# Visual Studio Version 17
VisualStudioVersion = 17.3.32901.215
MinimumVisualStudioVersion = 10.0.40219.1
Project("{FAE04EC0-301F-11D3-BF4B-00C04F79EFBC}") = "ConsoleApp6", "ConsoleApp6\ConsoleApp6.csproj", "{518E5928-2895-48BB-8D1F-146279936CFF}"
EndProject
Global
	GlobalSection(SolutionConfigurationPlatforms) = preSolution
		Debug|Any CPU = Debug|Any CPU
		Release|Any CPU = Release|Any CPU
	EndGlobalSection
	GlobalSection(ProjectConfigurationPlatforms) = postSolution
		{518E5928-2895-48BB-8D1F-146279936CFF}.Debug|Any CPU.ActiveCfg = Debug|Any CPU
		{518E5928-2895-48BB-8D1F-146279936CFF}.Debug|Any CPU.Build.0 = Debug|Any CPU
		{518E5928-2895-48BB-8D1F-146279936CFF}.Release|Any CPU.ActiveCfg = Release|Any CPU
		{518E5928-2895-48BB-8D1F-146279936CFF}.Release|Any CPU.Build.0 = Release|Any CPU
	EndGlobalSection
	GlobalSection(SolutionProperties) = preSolution
		HideSolutionNode = FALSE
	EndGlobalSection
	GlobalSection(ExtensibilityGlobals) = postSolution
		SolutionGuid = {E89D098C-5A4F-446A-AF0D-2355A2652E7E}
	EndGlobalSection
EndGlobal
